PODS:
  - Masonry (1.1.0)
  - StepOHelper (0.0.1):
    - Masonry
    - StepOHelper/NSString (= 0.0.1)
    - StepOHelper/SOAlertView (= 0.0.1)
    - StepOHelper/SOMacroDefine (= 0.0.1)
    - StepOHelper/SOUIButton (= 0.0.1)
    - StepOHelper/SOUILabel (= 0.0.1)
    - YYKit
  - StepOHelper/NSString (0.0.1):
    - Masonry
    - YYKit
  - StepOHelper/SOAlertView (0.0.1):
    - Masonry
    - StepOHelper/SOAlertView/SOCustomerAlertView (= 0.0.1)
    - YYKit
  - StepOHelper/SOAlertView/SOCustomerAlertView (0.0.1):
    - Masonry
    - YYKit
  - StepOHelper/SOMacroDefine (0.0.1):
    - Masonry
    - YYKit
  - StepOHelper/SOUIButton (0.0.1):
    - Masonry
    - YYKit
  - StepOHelper/SOUILabel (0.0.1):
    - Masonry
    - YYKit
  - YYKit (1.0.9):
    - YYKit/no-arc (= 1.0.9)
  - YYKit/no-arc (1.0.9)

DEPENDENCIES:
  - StepOHelper (from `../../StepOHelper`)

SPEC REPOS:
  https://github.com/cocoapods/specs.git:
    - Masonry
    - YYKit

EXTERNAL SOURCES:
  StepOHelper:
    :path: "../../StepOHelper"

SPEC CHECKSUMS:
  Masonry: 678fab65091a9290e40e2832a55e7ab731aad201
  StepOHelper: c88f2c766ed7e7a3ea6626c86c69520cba92773b
  YYKit: 7cda43304a8dc3696c449041e2cb3107b4e236e7

PODFILE CHECKSUM: a7e3b2dc88131fa4f1edaa1a920418fbfd2b0fa3

COCOAPODS: 1.6.0.beta.2
